
Microsoft Visual Studio Solution File, Format Version 12.00
# Visual Studio 15
Project("{FAE04EC0-301F-11D3-BF4B-00C04F79EFBC}") = "Assembly-CSharp", "Assembly-CSharp.csproj", "{9293DF29-3FB2-4A8E-5CE5-6B2DF7617EB4}"
EndProject
Project("{FAE04EC0-301F-11D3-BF4B-00C04F79EFBC}") = "Assembly-CSharp-Editor", "Assembly-CSharp-Editor.csproj", "{BA01F273-377F-A595-66BE-1BBF684F3421}"
EndProject
Global
	GlobalSection(SolutionConfigurationPlatforms) = preSolution
		Debug|Any CPU = Debug|Any CPU
		Release|Any CPU = Release|Any CPU
	EndGlobalSection
	GlobalSection(ProjectConfigurationPlatforms) = postSolution
		{9293DF29-3FB2-4A8E-5CE5-6B2DF7617EB4}.Debug|Any CPU.ActiveCfg = Debug|Any CPU
		{9293DF29-3FB2-4A8E-5CE5-6B2DF7617EB4}.Debug|Any CPU.Build.0 = Debug|Any CPU
		{9293DF29-3FB2-4A8E-5CE5-6B2DF7617EB4}.Release|Any CPU.ActiveCfg = Release|Any CPU
		{9293DF29-3FB2-4A8E-5CE5-6B2DF7617EB4}.Release|Any CPU.Build.0 = Release|Any CPU
		{BA01F273-377F-A595-66BE-1BBF684F3421}.Debug|Any CPU.ActiveCfg = Debug|Any CPU
		{BA01F273-377F-A595-66BE-1BBF684F3421}.Debug|Any CPU.Build.0 = Debug|Any CPU
		{BA01F273-377F-A595-66BE-1BBF684F3421}.Release|Any CPU.ActiveCfg = Release|Any CPU
		{BA01F273-377F-A595-66BE-1BBF684F3421}.Release|Any CPU.Build.0 = Release|Any CPU
	EndGlobalSection
	GlobalSection(SolutionProperties) = preSolution
		HideSolutionNode = FALSE
	EndGlobalSection
EndGlobal
